{
  "name": "@tpp/hybrid-logical-clock",
  "version": "1.0.0",
  "lockfileVersion": 1,
  "requires": true,
  "dependencies": {
    "@tpp/simple-uuid": {
      "version": "1.0.0",
      "resolved": "https://registry.npmjs.org/@tpp/simple-uuid/-/simple-uuid-1.0.0.tgz",
      "integrity": "sha512-iax8hrzOMuysVuU4nMTLGg1uarHdF3X3LbxBpTjgy2xdoAxoaxJEl2yX3HDwRLnB9OdT4HKHv7oD45q/1tIs/w=="
    }
  }
}
